
Microsoft Visual Studio Solution File, Format Version 12.00
# Visual Studio Version 17
VisualStudioVersion = 17.7.34031.279
MinimumVisualStudioVersion = 10.0.40219.1
Project("{FAE04EC0-301F-11D3-BF4B-00C04F79EFBC}") = "ConsoleApp2", "ConsoleApp2.csproj", "{4E68C879-6848-4FDF-BFC5-2E7085B3064E}"
EndProject
Global
	GlobalSection(SolutionConfigurationPlatforms) = preSolution
		Debug|Any CPU = Debug|Any CPU
		Release|Any CPU = Release|Any CPU
	EndGlobalSection
	GlobalSection(ProjectConfigurationPlatforms) = postSolution
		{4E68C879-6848-4FDF-BFC5-2E7085B3064E}.Debug|Any CPU.ActiveCfg = Debug|Any CPU
		{4E68C879-6848-4FDF-BFC5-2E7085B3064E}.Debug|Any CPU.Build.0 = Debug|Any CPU
		{4E68C879-6848-4FDF-BFC5-2E7085B3064E}.Release|Any CPU.ActiveCfg = Release|Any CPU
		{4E68C879-6848-4FDF-BFC5-2E7085B3064E}.Release|Any CPU.Build.0 = Release|Any CPU
	EndGlobalSection
	GlobalSection(SolutionProperties) = preSolution
		HideSolutionNode = FALSE
	EndGlobalSection
	GlobalSection(ExtensibilityGlobals) = postSolution
		SolutionGuid = {556EAD16-F399-4284-8914-63A92CC241B5}
	EndGlobalSection
EndGlobal
